
Microsoft Visual Studio Solution File, Format Version 12.00
# Visual Studio Version 17
VisualStudioVersion = 17.0.31903.59
MinimumVisualStudioVersion = 10.0.40219.1
Project("{FAE04EC0-301F-11D3-BF4B-00C04F79EFBC}") = "Access_Modifiers", "Access_Modifiers\Access_Modifiers.csproj", "{C64266EB-FA4F-45A3-96D2-1310C8BA5ED8}"
EndProject
Project("{FAE04EC0-301F-11D3-BF4B-00C04F79EFBC}") = "Task-Access Specifiers", "Task-Access Specifiers\Task-Access Specifiers.csproj", "{16C68AAF-CF6A-4DA0-A695-8BC245F2CF10}"
EndProject
Global
	GlobalSection(SolutionConfigurationPlatforms) = preSolution
		Debug|Any CPU = Debug|Any CPU
		Release|Any CPU = Release|Any CPU
	EndGlobalSection
	GlobalSection(SolutionProperties) = preSolution
		HideSolutionNode = FALSE
	EndGlobalSection
	GlobalSection(ProjectConfigurationPlatforms) = postSolution
		{C64266EB-FA4F-45A3-96D2-1310C8BA5ED8}.Debug|Any CPU.ActiveCfg = Debug|Any CPU
		{C64266EB-FA4F-45A3-96D2-1310C8BA5ED8}.Debug|Any CPU.Build.0 = Debug|Any CPU
		{C64266EB-FA4F-45A3-96D2-1310C8BA5ED8}.Release|Any CPU.ActiveCfg = Release|Any CPU
		{C64266EB-FA4F-45A3-96D2-1310C8BA5ED8}.Release|Any CPU.Build.0 = Release|Any CPU
		{16C68AAF-CF6A-4DA0-A695-8BC245F2CF10}.Debug|Any CPU.ActiveCfg = Debug|Any CPU
		{16C68AAF-CF6A-4DA0-A695-8BC245F2CF10}.Debug|Any CPU.Build.0 = Debug|Any CPU
		{16C68AAF-CF6A-4DA0-A695-8BC245F2CF10}.Release|Any CPU.ActiveCfg = Release|Any CPU
		{16C68AAF-CF6A-4DA0-A695-8BC245F2CF10}.Release|Any CPU.Build.0 = Release|Any CPU
	EndGlobalSection
EndGlobal
